
Microsoft Visual Studio Solution File, Format Version 12.00
# Visual Studio 15
VisualStudioVersion = 15.0.28307.1267
MinimumVisualStudioVersion = 10.0.40219.1
Project("{FAE04EC0-301F-11D3-BF4B-00C04F79EFBC}") = "LiteDBexample", "LiteDBexample\LiteDBexample.csproj", "{DDB42EED-2F18-42C7-B347-545BCF5116C0}"
EndProject
Global
	GlobalSection(SolutionConfigurationPlatforms) = preSolution
		Debug|Any CPU = Debug|Any CPU
		Release|Any CPU = Release|Any CPU
	EndGlobalSection
	GlobalSection(ProjectConfigurationPlatforms) = postSolution
		{DDB42EED-2F18-42C7-B347-545BCF5116C0}.Debug|Any CPU.ActiveCfg = Debug|Any CPU
		{DDB42EED-2F18-42C7-B347-545BCF5116C0}.Debug|Any CPU.Build.0 = Debug|Any CPU
		{DDB42EED-2F18-42C7-B347-545BCF5116C0}.Release|Any CPU.ActiveCfg = Release|Any CPU
		{DDB42EED-2F18-42C7-B347-545BCF5116C0}.Release|Any CPU.Build.0 = Release|Any CPU
	EndGlobalSection
	GlobalSection(SolutionProperties) = preSolution
		HideSolutionNode = FALSE
	EndGlobalSection
	GlobalSection(ExtensibilityGlobals) = postSolution
		SolutionGuid = {4870D2C5-0CD4-4C4E-89EA-037F2170F974}
	EndGlobalSection
EndGlobal
